
Microsoft Visual Studio Solution File, Format Version 12.00
# Visual Studio Version 16
VisualStudioVersion = 16.0.30711.63
MinimumVisualStudioVersion = 10.0.40219.1
Project("{FAE04EC0-301F-11D3-BF4B-00C04F79EFBC}") = "vjezba-backend", "vjezba-backend.csproj", "{B8DFA73D-C379-47DE-B1AC-5E5B7AFE444B}"
EndProject
Project("{FAE04EC0-301F-11D3-BF4B-00C04F79EFBC}") = "vjezba-backend.Tests", "..\vjezba-backend.Tests\vjezba-backend.Tests.csproj", "{32281D3B-8212-47B4-98CD-A6CBCB61391D}"
EndProject
Global
	GlobalSection(SolutionConfigurationPlatforms) = preSolution
		Debug|Any CPU = Debug|Any CPU
		Release|Any CPU = Release|Any CPU
	EndGlobalSection
	GlobalSection(ProjectConfigurationPlatforms) = postSolution
		{B8DFA73D-C379-47DE-B1AC-5E5B7AFE444B}.Debug|Any CPU.ActiveCfg = Debug|Any CPU
		{B8DFA73D-C379-47DE-B1AC-5E5B7AFE444B}.Debug|Any CPU.Build.0 = Debug|Any CPU
		{B8DFA73D-C379-47DE-B1AC-5E5B7AFE444B}.Release|Any CPU.ActiveCfg = Release|Any CPU
		{B8DFA73D-C379-47DE-B1AC-5E5B7AFE444B}.Release|Any CPU.Build.0 = Release|Any CPU
		{32281D3B-8212-47B4-98CD-A6CBCB61391D}.Debug|Any CPU.ActiveCfg = Debug|Any CPU
		{32281D3B-8212-47B4-98CD-A6CBCB61391D}.Debug|Any CPU.Build.0 = Debug|Any CPU
		{32281D3B-8212-47B4-98CD-A6CBCB61391D}.Release|Any CPU.ActiveCfg = Release|Any CPU
		{32281D3B-8212-47B4-98CD-A6CBCB61391D}.Release|Any CPU.Build.0 = Release|Any CPU
	EndGlobalSection
	GlobalSection(SolutionProperties) = preSolution
		HideSolutionNode = FALSE
	EndGlobalSection
	GlobalSection(ExtensibilityGlobals) = postSolution
		SolutionGuid = {D3415037-1D54-4501-8819-FA14D0CE3E52}
	EndGlobalSection
EndGlobal
